
Microsoft Visual Studio Solution File, Format Version 12.00
# Visual Studio Version 16
VisualStudioVersion = 25.0.1706.4
MinimumVisualStudioVersion = 10.0.40219.1
Project("{FAE04EC0-301F-11D3-BF4B-00C04F79EFBC}") = "Interpolation", "Interpolation\Interpolation.csproj", "{46F9F0F8-910F-4BD3-B72D-9509570C3200}"
EndProject
Global
	GlobalSection(SolutionConfigurationPlatforms) = preSolution
		Debug|Any CPU = Debug|Any CPU
		Release|Any CPU = Release|Any CPU
	EndGlobalSection
	GlobalSection(ProjectConfigurationPlatforms) = postSolution
		{46F9F0F8-910F-4BD3-B72D-9509570C3200}.Debug|Any CPU.ActiveCfg = Debug|Any CPU
		{46F9F0F8-910F-4BD3-B72D-9509570C3200}.Debug|Any CPU.Build.0 = Debug|Any CPU
		{46F9F0F8-910F-4BD3-B72D-9509570C3200}.Release|Any CPU.ActiveCfg = Release|Any CPU
		{46F9F0F8-910F-4BD3-B72D-9509570C3200}.Release|Any CPU.Build.0 = Release|Any CPU
	EndGlobalSection
	GlobalSection(SolutionProperties) = preSolution
		HideSolutionNode = FALSE
	EndGlobalSection
	GlobalSection(ExtensibilityGlobals) = postSolution
		SolutionGuid = {EBFAFC4F-9C7F-44D3-ABFC-11055C11F8AA}
	EndGlobalSection
EndGlobal
